
Microsoft Visual Studio Solution File, Format Version 12.00
# Visual Studio Version 17
VisualStudioVersion = 17.4.33205.214
MinimumVisualStudioVersion = 10.0.40219.1
Project("{FAE04EC0-301F-11D3-BF4B-00C04F79EFBC}") = "UncomplicatedCustomBots", "UncomplicatedCustomBots\UncomplicatedCustomBots.csproj", "{D7B56CC0-F1D6-4F78-BCCD-16E12CCAABB3}"
EndProject
Global
	GlobalSection(SolutionConfigurationPlatforms) = preSolution
		Debug|Any CPU = Debug|Any CPU
		Release|Any CPU = Release|Any CPU
	EndGlobalSection
	GlobalSection(ProjectConfigurationPlatforms) = postSolution
		{D7B56CC0-F1D6-4F78-BCCD-16E12CCAABB3}.Debug|Any CPU.ActiveCfg = LabApi|Any CPU
		{D7B56CC0-F1D6-4F78-BCCD-16E12CCAABB3}.Debug|Any CPU.Build.0 = LabApi|Any CPU
		{D7B56CC0-F1D6-4F78-BCCD-16E12CCAABB3}.Release|Any CPU.ActiveCfg = Release|Any CPU
		{D7B56CC0-F1D6-4F78-BCCD-16E12CCAABB3}.Release|Any CPU.Build.0 = Release|Any CPU
	EndGlobalSection
	GlobalSection(SolutionProperties) = preSolution
		HideSolutionNode = FALSE
	EndGlobalSection
	GlobalSection(ExtensibilityGlobals) = postSolution
		SolutionGuid = {AA16D8A9-9346-4A1E-B3F2-68A63EBBC4F2}
	EndGlobalSection
EndGlobal
